
Microsoft Visual Studio Solution File, Format Version 12.00
# Visual Studio Version 16
VisualStudioVersion = 16.0.30114.105
MinimumVisualStudioVersion = 10.0.40219.1
Project("{2150E333-8FDC-42A3-9474-1A3956D46DE8}") = "src", "src", "{8A41217E-9F6E-4353-9B30-C9215A35BF49}"
EndProject
Project("{9A19103F-16F7-4668-BE54-9A1E7A4F7556}") = "WindPowerPlatformAPI.App", "src\WindPowerPlatformAPI.App\WindPowerPlatformAPI.App.csproj", "{9EBF9B15-415A-4A60-B6CC-D0584EC8692E}"
EndProject
Project("{2150E333-8FDC-42A3-9474-1A3956D46DE8}") = "test", "test", "{C88459EF-0760-4530-8428-36FCFCD960AB}"
EndProject
Project("{9A19103F-16F7-4668-BE54-9A1E7A4F7556}") = "WindPowerPlatformAPI.Tests", "test\WindPowerPlatformAPI.Tests\WindPowerPlatformAPI.Tests.csproj", "{ABA1EF48-F151-49A2-9711-1D98926AE5D8}"
EndProject
Global
	GlobalSection(SolutionConfigurationPlatforms) = preSolution
		Debug|Any CPU = Debug|Any CPU
		Debug|x64 = Debug|x64
		Debug|x86 = Debug|x86
		Release|Any CPU = Release|Any CPU
		Release|x64 = Release|x64
		Release|x86 = Release|x86
	EndGlobalSection
	GlobalSection(ProjectConfigurationPlatforms) = postSolution
		{9EBF9B15-415A-4A60-B6CC-D0584EC8692E}.Debug|Any CPU.ActiveCfg = Debug|Any CPU
		{9EBF9B15-415A-4A60-B6CC-D0584EC8692E}.Debug|Any CPU.Build.0 = Debug|Any CPU
		{9EBF9B15-415A-4A60-B6CC-D0584EC8692E}.Debug|x64.ActiveCfg = Debug|Any CPU
		{9EBF9B15-415A-4A60-B6CC-D0584EC8692E}.Debug|x64.Build.0 = Debug|Any CPU
		{9EBF9B15-415A-4A60-B6CC-D0584EC8692E}.Debug|x86.ActiveCfg = Debug|Any CPU
		{9EBF9B15-415A-4A60-B6CC-D0584EC8692E}.Debug|x86.Build.0 = Debug|Any CPU
		{9EBF9B15-415A-4A60-B6CC-D0584EC8692E}.Release|Any CPU.ActiveCfg = Release|Any CPU
		{9EBF9B15-415A-4A60-B6CC-D0584EC8692E}.Release|Any CPU.Build.0 = Release|Any CPU
		{9EBF9B15-415A-4A60-B6CC-D0584EC8692E}.Release|x64.ActiveCfg = Release|Any CPU
		{9EBF9B15-415A-4A60-B6CC-D0584EC8692E}.Release|x64.Build.0 = Release|Any CPU
		{9EBF9B15-415A-4A60-B6CC-D0584EC8692E}.Release|x86.ActiveCfg = Release|Any CPU
		{9EBF9B15-415A-4A60-B6CC-D0584EC8692E}.Release|x86.Build.0 = Release|Any CPU
		{ABA1EF48-F151-49A2-9711-1D98926AE5D8}.Debug|Any CPU.ActiveCfg = Debug|Any CPU
		{ABA1EF48-F151-49A2-9711-1D98926AE5D8}.Debug|Any CPU.Build.0 = Debug|Any CPU
		{ABA1EF48-F151-49A2-9711-1D98926AE5D8}.Debug|x64.ActiveCfg = Debug|Any CPU
		{ABA1EF48-F151-49A2-9711-1D98926AE5D8}.Debug|x64.Build.0 = Debug|Any CPU
		{ABA1EF48-F151-49A2-9711-1D98926AE5D8}.Debug|x86.ActiveCfg = Debug|Any CPU
		{ABA1EF48-F151-49A2-9711-1D98926AE5D8}.Debug|x86.Build.0 = Debug|Any CPU
		{ABA1EF48-F151-49A2-9711-1D98926AE5D8}.Release|Any CPU.ActiveCfg = Release|Any CPU
		{ABA1EF48-F151-49A2-9711-1D98926AE5D8}.Release|Any CPU.Build.0 = Release|Any CPU
		{ABA1EF48-F151-49A2-9711-1D98926AE5D8}.Release|x64.ActiveCfg = Release|Any CPU
		{ABA1EF48-F151-49A2-9711-1D98926AE5D8}.Release|x64.Build.0 = Release|Any CPU
		{ABA1EF48-F151-49A2-9711-1D98926AE5D8}.Release|x86.ActiveCfg = Release|Any CPU
		{ABA1EF48-F151-49A2-9711-1D98926AE5D8}.Release|x86.Build.0 = Release|Any CPU
	EndGlobalSection
	GlobalSection(SolutionProperties) = preSolution
		HideSolutionNode = FALSE
	EndGlobalSection
	GlobalSection(NestedProjects) = preSolution
		{9EBF9B15-415A-4A60-B6CC-D0584EC8692E} = {8A41217E-9F6E-4353-9B30-C9215A35BF49}
		{ABA1EF48-F151-49A2-9711-1D98926AE5D8} = {C88459EF-0760-4530-8428-36FCFCD960AB}
	EndGlobalSection
	GlobalSection(ExtensibilityGlobals) = postSolution
		SolutionGuid = {983AAEA7-DB62-4CD5-9698-4FBDAAEDE9BE}
	EndGlobalSection
EndGlobal
